// !$*UTF8*$!
{
	archiveVersion = 1;
	classes = {
	};
	objectVersion = 50;
	objects = {

/* Begin PBXBuildFile section */
		2B511FC822466C0400A2CD20 /* AppDelegate.swift in Sources */ = {isa = PBXBuildFile; fileRef = 2B511FC722466C0400A2CD20 /* AppDelegate.swift */; };
		2B511FCF22466C0500A2CD20 /* Assets.xcassets in Resources */ = {isa = PBXBuildFile; fileRef = 2B511FCE22466C0500A2CD20 /* Assets.xcassets */; };
		2B511FD222466C0500A2CD20 /* LaunchScreen.storyboard in Resources */ = {isa = PBXBuildFile; fileRef = 2B511FD022466C0500A2CD20 /* LaunchScreen.storyboard */; };
		2B51200422466EBB00A2CD20 /* HTTPRequester.swift in Sources */ = {isa = PBXBuildFile; fileRef = 2B51200322466EBB00A2CD20 /* HTTPRequester.swift */; };
		2B51200622466EE400A2CD20 /* HTTPError.swift in Sources */ = {isa = PBXBuildFile; fileRef = 2B51200522466EE400A2CD20 /* HTTPError.swift */; };
		2B51200822466EFF00A2CD20 /* String+Networking.swift in Sources */ = {isa = PBXBuildFile; fileRef = 2B51200722466EFF00A2CD20 /* String+Networking.swift */; };
		2B51200B22466F1700A2CD20 /* String+Localized.swift in Sources */ = {isa = PBXBuildFile; fileRef = 2B51200A22466F1700A2CD20 /* String+Localized.swift */; };
		2B51200D22466F3000A2CD20 /* Localizable.strings in Resources */ = {isa = PBXBuildFile; fileRef = 2B51200C22466F3000A2CD20 /* Localizable.strings */; };
		2B51200F22466F6600A2CD20 /* API.swift in Sources */ = {isa = PBXBuildFile; fileRef = 2B51200E22466F6600A2CD20 /* API.swift */; };
		2B51201222466FCD00A2CD20 /* Repository.swift in Sources */ = {isa = PBXBuildFile; fileRef = 2B51201122466FCD00A2CD20 /* Repository.swift */; };
		2B512014224671F600A2CD20 /* Constants.swift in Sources */ = {isa = PBXBuildFile; fileRef = 2B512013224671F600A2CD20 /* Constants.swift */; };
		2B5120162246727000A2CD20 /* Owner.swift in Sources */ = {isa = PBXBuildFile; fileRef = 2B5120152246727000A2CD20 /* Owner.swift */; };
		2B5120182246750100A2CD20 /* APISpec.swift in Sources */ = {isa = PBXBuildFile; fileRef = 2B5120172246750100A2CD20 /* APISpec.swift */; };
		2B51201C2246776300A2CD20 /* RepositoryResult.swift in Sources */ = {isa = PBXBuildFile; fileRef = 2B51201B2246776300A2CD20 /* RepositoryResult.swift */; };
		2B51202522467AC900A2CD20 /* HomePresenter.swift in Sources */ = {isa = PBXBuildFile; fileRef = 2B51201F22467AC900A2CD20 /* HomePresenter.swift */; };
		2B51202622467AC900A2CD20 /* HomeWorker.swift in Sources */ = {isa = PBXBuildFile; fileRef = 2B51202022467AC900A2CD20 /* HomeWorker.swift */; };
		2B51202822467AC900A2CD20 /* HomeModels.swift in Sources */ = {isa = PBXBuildFile; fileRef = 2B51202222467AC900A2CD20 /* HomeModels.swift */; };
		2B51202922467AC900A2CD20 /* HomeViewController.swift in Sources */ = {isa = PBXBuildFile; fileRef = 2B51202322467AC900A2CD20 /* HomeViewController.swift */; };
		2B51202A22467AC900A2CD20 /* HomeInteractor.swift in Sources */ = {isa = PBXBuildFile; fileRef = 2B51202422467AC900A2CD20 /* HomeInteractor.swift */; };
		2B51202C22467C5F00A2CD20 /* HomeView.swift in Sources */ = {isa = PBXBuildFile; fileRef = 2B51202B22467C5F00A2CD20 /* HomeView.swift */; };
		2B51202E22468B8000A2CD20 /* String+Home.swift in Sources */ = {isa = PBXBuildFile; fileRef = 2B51202D22468B8000A2CD20 /* String+Home.swift */; };
		2B51203022468E3700A2CD20 /* HomeRepositoryCell.swift in Sources */ = {isa = PBXBuildFile; fileRef = 2B51202F22468E3700A2CD20 /* HomeRepositoryCell.swift */; };
		2B51203322468F3300A2CD20 /* URLImageView.swift in Sources */ = {isa = PBXBuildFile; fileRef = 2B51203222468F3300A2CD20 /* URLImageView.swift */; };
		2B51203622468F5E00A2CD20 /* ImageWorker.swift in Sources */ = {isa = PBXBuildFile; fileRef = 2B51203522468F5E00A2CD20 /* ImageWorker.swift */; };
		2B51203922468FD000A2CD20 /* ReuseIdentifiable.swift in Sources */ = {isa = PBXBuildFile; fileRef = 2B51203822468FD000A2CD20 /* ReuseIdentifiable.swift */; };
		2B51203B2246ED4400A2CD20 /* APIErrorPayload.swift in Sources */ = {isa = PBXBuildFile; fileRef = 2B51203A2246ED4400A2CD20 /* APIErrorPayload.swift */; };
		2B51203E2246EF1100A2CD20 /* ImageWorkerSpec.swift in Sources */ = {isa = PBXBuildFile; fileRef = 2B51203D2246EF1100A2CD20 /* ImageWorkerSpec.swift */; };
		2B5120452246EFC100A2CD20 /* HomeViewControllerSpec.swift in Sources */ = {isa = PBXBuildFile; fileRef = 2B5120412246EFC100A2CD20 /* HomeViewControllerSpec.swift */; };
		2B5120462246EFC100A2CD20 /* HomeInteractorSpec.swift in Sources */ = {isa = PBXBuildFile; fileRef = 2B5120422246EFC100A2CD20 /* HomeInteractorSpec.swift */; };
		2B51204A2246F38400A2CD20 /* HomeRepositoryCellSpec.swift in Sources */ = {isa = PBXBuildFile; fileRef = 2B5120492246F38400A2CD20 /* HomeRepositoryCellSpec.swift */; };
		2B51204C2247096D00A2CD20 /* HomeTestCase.swift in Sources */ = {isa = PBXBuildFile; fileRef = 2B51204B2247096D00A2CD20 /* HomeTestCase.swift */; };
		2B51204E22470BE500A2CD20 /* XCTestCase+Swift.swift in Sources */ = {isa = PBXBuildFile; fileRef = 2B51204D22470BE500A2CD20 /* XCTestCase+Swift.swift */; };
		2B5120502247130700A2CD20 /* HomeSnapshotTestCase.swift in Sources */ = {isa = PBXBuildFile; fileRef = 2B51204F2247130700A2CD20 /* HomeSnapshotTestCase.swift */; };
		50CF8431CC43B7FFBFB81386 /* Pods_GitReposTests.framework in Frameworks */ = {isa = PBXBuildFile; fileRef = 902B3497BCF61445E5AF7510 /* Pods_GitReposTests.framework */; };
		C3DB9F188CD4FAA5137FE719 /* Pods_GitRepos.framework in Frameworks */ = {isa = PBXBuildFile; fileRef = A1678B916464B76009F147EC /* Pods_GitRepos.framework */; };
/* End PBXBuildFile section */

/* Begin PBXContainerItemProxy section */
		2B511FF222466DF300A2CD20 /* PBXContainerItemProxy */ = {
			isa = PBXContainerItemProxy;
			containerPortal = 2B511FBC22466C0400A2CD20 /* Project object */;
			proxyType = 1;
			remoteGlobalIDString = 2B511FC322466C0400A2CD20;
			remoteInfo = GitRepos;
		};
/* End PBXContainerItemProxy section */

/* Begin PBXFileReference section */
		11D2CCB397ADB35442F7E1FC /* Pods-GitRepos.release.xcconfig */ = {isa = PBXFileReference; includeInIndex = 1; lastKnownFileType = text.xcconfig; name = "Pods-GitRepos.release.xcconfig"; path = "Target Support Files/Pods-GitRepos/Pods-GitRepos.release.xcconfig"; sourceTree = "<group>"; };
		20A0791D162C0764F0D8C574 /* Pods-GitRepos.debug.xcconfig */ = {isa = PBXFileReference; includeInIndex = 1; lastKnownFileType = text.xcconfig; name = "Pods-GitRepos.debug.xcconfig"; path = "Target Support Files/Pods-GitRepos/Pods-GitRepos.debug.xcconfig"; sourceTree = "<group>"; };
		2B511FC422466C0400A2CD20 /* GitRepos.app */ = {isa = PBXFileReference; explicitFileType = wrapper.application; includeInIndex = 0; path = GitRepos.app; sourceTree = BUILT_PRODUCTS_DIR; };
		2B511FC722466C0400A2CD20 /* AppDelegate.swift */ = {isa = PBXFileReference; lastKnownFileType = sourcecode.swift; path = AppDelegate.swift; sourceTree = "<group>"; };
		2B511FCE22466C0500A2CD20 /* Assets.xcassets */ = {isa = PBXFileReference; lastKnownFileType = folder.assetcatalog; path = Assets.xcassets; sourceTree = "<group>"; };
		2B511FD122466C0500A2CD20 /* Base */ = {isa = PBXFileReference; lastKnownFileType = file.storyboard; name = Base; path = Base.lproj/LaunchScreen.storyboard; sourceTree = "<group>"; };
		2B511FD322466C0500A2CD20 /* Info.plist */ = {isa = PBXFileReference; lastKnownFileType = text.plist.xml; path = Info.plist; sourceTree = "<group>"; };
		2B511FED22466DF300A2CD20 /* GitReposTests.xctest */ = {isa = PBXFileReference; explicitFileType = wrapper.cfbundle; includeInIndex = 0; path = GitReposTests.xctest; sourceTree = BUILT_PRODUCTS_DIR; };
		2B511FF122466DF300A2CD20 /* Info.plist */ = {isa = PBXFileReference; lastKnownFileType = text.plist.xml; path = Info.plist; sourceTree = "<group>"; };
		2B51200322466EBB00A2CD20 /* HTTPRequester.swift */ = {isa = PBXFileReference; lastKnownFileType = sourcecode.swift; path = HTTPRequester.swift; sourceTree = "<group>"; };
		2B51200522466EE400A2CD20 /* HTTPError.swift */ = {isa = PBXFileReference; lastKnownFileType = sourcecode.swift; path = HTTPError.swift; sourceTree = "<group>"; };
		2B51200722466EFF00A2CD20 /* String+Networking.swift */ = {isa = PBXFileReference; lastKnownFileType = sourcecode.swift; path = "String+Networking.swift"; sourceTree = "<group>"; };
		2B51200A22466F1700A2CD20 /* String+Localized.swift */ = {isa = PBXFileReference; lastKnownFileType = sourcecode.swift; path = "String+Localized.swift"; sourceTree = "<group>"; };
		2B51200C22466F3000A2CD20 /* Localizable.strings */ = {isa = PBXFileReference; lastKnownFileType = text.plist.strings; path = Localizable.strings; sourceTree = "<group>"; };
		2B51200E22466F6600A2CD20 /* API.swift */ = {isa = PBXFileReference; lastKnownFileType = sourcecode.swift; path = API.swift; sourceTree = "<group>"; };
		2B51201122466FCD00A2CD20 /* Repository.swift */ = {isa = PBXFileReference; lastKnownFileType = sourcecode.swift; path = Repository.swift; sourceTree = "<group>"; };
		2B512013224671F600A2CD20 /* Constants.swift */ = {isa = PBXFileReference; lastKnownFileType = sourcecode.swift; path = Constants.swift; sourceTree = "<group>"; };
		2B5120152246727000A2CD20 /* Owner.swift */ = {isa = PBXFileReference; lastKnownFileType = sourcecode.swift; path = Owner.swift; sourceTree = "<group>"; };
		2B5120172246750100A2CD20 /* APISpec.swift */ = {isa = PBXFileReference; lastKnownFileType = sourcecode.swift; path = APISpec.swift; sourceTree = "<group>"; };
		2B51201B2246776300A2CD20 /* RepositoryResult.swift */ = {isa = PBXFileReference; lastKnownFileType = sourcecode.swift; path = RepositoryResult.swift; sourceTree = "<group>"; };
		2B51201F22467AC900A2CD20 /* HomePresenter.swift */ = {isa = PBXFileReference; lastKnownFileType = sourcecode.swift; path = HomePresenter.swift; sourceTree = "<group>"; };
		2B51202022467AC900A2CD20 /* HomeWorker.swift */ = {isa = PBXFileReference; lastKnownFileType = sourcecode.swift; path = HomeWorker.swift; sourceTree = "<group>"; };
		2B51202222467AC900A2CD20 /* HomeModels.swift */ = {isa = PBXFileReference; lastKnownFileType = sourcecode.swift; path = HomeModels.swift; sourceTree = "<group>"; };
		2B51202322467AC900A2CD20 /* HomeViewController.swift */ = {isa = PBXFileReference; lastKnownFileType = sourcecode.swift; path = HomeViewController.swift; sourceTree = "<group>"; };
		2B51202422467AC900A2CD20 /* HomeInteractor.swift */ = {isa = PBXFileReference; lastKnownFileType = sourcecode.swift; path = HomeInteractor.swift; sourceTree = "<group>"; };
		2B51202B22467C5F00A2CD20 /* HomeView.swift */ = {isa = PBXFileReference; lastKnownFileType = sourcecode.swift; path = HomeView.swift; sourceTree = "<group>"; };
		2B51202D22468B8000A2CD20 /* String+Home.swift */ = {isa = PBXFileReference; lastKnownFileType = sourcecode.swift; path = "String+Home.swift"; sourceTree = "<group>"; };
		2B51202F22468E3700A2CD20 /* HomeRepositoryCell.swift */ = {isa = PBXFileReference; lastKnownFileType = sourcecode.swift; path = HomeRepositoryCell.swift; sourceTree = "<group>"; };
		2B51203222468F3300A2CD20 /* URLImageView.swift */ = {isa = PBXFileReference; lastKnownFileType = sourcecode.swift; path = URLImageView.swift; sourceTree = "<group>"; };
		2B51203522468F5E00A2CD20 /* ImageWorker.swift */ = {isa = PBXFileReference; lastKnownFileType = sourcecode.swift; path = ImageWorker.swift; sourceTree = "<group>"; };
		2B51203822468FD000A2CD20 /* ReuseIdentifiable.swift */ = {isa = PBXFileReference; lastKnownFileType = sourcecode.swift; path = ReuseIdentifiable.swift; sourceTree = "<group>"; };
		2B51203A2246ED4400A2CD20 /* APIErrorPayload.swift */ = {isa = PBXFileReference; lastKnownFileType = sourcecode.swift; path = APIErrorPayload.swift; sourceTree = "<group>"; };
		2B51203D2246EF1100A2CD20 /* ImageWorkerSpec.swift */ = {isa = PBXFileReference; lastKnownFileType = sourcecode.swift; path = ImageWorkerSpec.swift; sourceTree = "<group>"; };
		2B5120412246EFC100A2CD20 /* HomeViewControllerSpec.swift */ = {isa = PBXFileReference; lastKnownFileType = sourcecode.swift; path = HomeViewControllerSpec.swift; sourceTree = "<group>"; };
		2B5120422246EFC100A2CD20 /* HomeInteractorSpec.swift */ = {isa = PBXFileReference; lastKnownFileType = sourcecode.swift; path = HomeInteractorSpec.swift; sourceTree = "<group>"; };
		2B5120492246F38400A2CD20 /* HomeRepositoryCellSpec.swift */ = {isa = PBXFileReference; lastKnownFileType = sourcecode.swift; path = HomeRepositoryCellSpec.swift; sourceTree = "<group>"; };
		2B51204B2247096D00A2CD20 /* HomeTestCase.swift */ = {isa = PBXFileReference; lastKnownFileType = sourcecode.swift; path = HomeTestCase.swift; sourceTree = "<group>"; };
		2B51204D22470BE500A2CD20 /* XCTestCase+Swift.swift */ = {isa = PBXFileReference; lastKnownFileType = sourcecode.swift; path = "XCTestCase+Swift.swift"; sourceTree = "<group>"; };
		2B51204F2247130700A2CD20 /* HomeSnapshotTestCase.swift */ = {isa = PBXFileReference; lastKnownFileType = sourcecode.swift; path = HomeSnapshotTestCase.swift; sourceTree = "<group>"; };
		72A7E7CF496A9B199E8CF6E1 /* Pods-GitReposTests.release.xcconfig */ = {isa = PBXFileReference; includeInIndex = 1; lastKnownFileType = text.xcconfig; name = "Pods-GitReposTests.release.xcconfig"; path = "Target Support Files/Pods-GitReposTests/Pods-GitReposTests.release.xcconfig"; sourceTree = "<group>"; };
		902B3497BCF61445E5AF7510 /* Pods_GitReposTests.framework */ = {isa = PBXFileReference; explicitFileType = wrapper.framework; includeInIndex = 0; path = Pods_GitReposTests.framework; sourceTree = BUILT_PRODUCTS_DIR; };
		A1678B916464B76009F147EC /* Pods_GitRepos.framework */ = {isa = PBXFileReference; explicitFileType = wrapper.framework; includeInIndex = 0; path = Pods_GitRepos.framework; sourceTree = BUILT_PRODUCTS_DIR; };
		EAD013D15C1C2C760FC33A28 /* Pods-GitReposTests.debug.xcconfig */ = {isa = PBXFileReference; includeInIndex = 1; lastKnownFileType = text.xcconfig; name = "Pods-GitReposTests.debug.xcconfig"; path = "Target Support Files/Pods-GitReposTests/Pods-GitReposTests.debug.xcconfig"; sourceTree = "<group>"; };
/* End PBXFileReference section */

/* Begin PBXFrameworksBuildPhase section */
		2B511FC122466C0400A2CD20 /* Frameworks */ = {
			isa = PBXFrameworksBuildPhase;
			buildActionMask = 2147483647;
			files = (
				C3DB9F188CD4FAA5137FE719 /* Pods_GitRepos.framework in Frameworks */,
			);
			runOnlyForDeploymentPostprocessing = 0;
		};
		2B511FEA22466DF300A2CD20 /* Frameworks */ = {
			isa = PBXFrameworksBuildPhase;
			buildActionMask = 2147483647;
			files = (
				50CF8431CC43B7FFBFB81386 /* Pods_GitReposTests.framework in Frameworks */,
			);
			runOnlyForDeploymentPostprocessing = 0;
		};
/* End PBXFrameworksBuildPhase section */

/* Begin PBXGroup section */
		2B511FBB22466C0400A2CD20 = {
			isa = PBXGroup;
			children = (
				2B511FC622466C0400A2CD20 /* GitRepos */,
				2B511FEE22466DF300A2CD20 /* GitReposTests */,
				2B511FC522466C0400A2CD20 /* Products */,
				5ACE1C901CD56B01C4FF060B /* Pods */,
				BAD482B70E25FDF932FBDD11 /* Frameworks */,
			);
			sourceTree = "<group>";
		};
		2B511FC522466C0400A2CD20 /* Products */ = {
			isa = PBXGroup;
			children = (
				2B511FC422466C0400A2CD20 /* GitRepos.app */,
				2B511FED22466DF300A2CD20 /* GitReposTests.xctest */,
			);
			name = Products;
			sourceTree = "<group>";
		};
		2B511FC622466C0400A2CD20 /* GitRepos */ = {
			isa = PBXGroup;
			children = (
				2B511FD922466C1600A2CD20 /* Application */,
				2B51201D22467AB800A2CD20 /* Scenes */,
				2B51200122466E9C00A2CD20 /* Shared */,
				2B511FDA22466C1E00A2CD20 /* Resources */,
			);
			path = GitRepos;
			sourceTree = "<group>";
		};
		2B511FD922466C1600A2CD20 /* Application */ = {
			isa = PBXGroup;
			children = (
				2B511FC722466C0400A2CD20 /* AppDelegate.swift */,
				2B511FD322466C0500A2CD20 /* Info.plist */,
				2B512013224671F600A2CD20 /* Constants.swift */,
			);
			path = Application;
			sourceTree = "<group>";
		};
		2B511FDA22466C1E00A2CD20 /* Resources */ = {
			isa = PBXGroup;
			children = (
				2B511FCE22466C0500A2CD20 /* Assets.xcassets */,
				2B511FD022466C0500A2CD20 /* LaunchScreen.storyboard */,
				2B51200C22466F3000A2CD20 /* Localizable.strings */,
			);
			path = Resources;
			sourceTree = "<group>";
		};
		2B511FEE22466DF300A2CD20 /* GitReposTests */ = {
			isa = PBXGroup;
			children = (
				2B51203F2246EFAE00A2CD20 /* Scenes */,
				2B511FF722466E6E00A2CD20 /* Shared */,
				2B511FF122466DF300A2CD20 /* Info.plist */,
				2B51204D22470BE500A2CD20 /* XCTestCase+Swift.swift */,
			);
			path = GitReposTests;
			sourceTree = "<group>";
		};
		2B511FF722466E6E00A2CD20 /* Shared */ = {
			isa = PBXGroup;
			children = (
				2B51203C2246EF0400A2CD20 /* Workers */,
				2B511FF822466E7600A2CD20 /* Networking */,
			);
			path = Shared;
			sourceTree = "<group>";
		};
		2B511FF822466E7600A2CD20 /* Networking */ = {
			isa = PBXGroup;
			children = (
				2B5120172246750100A2CD20 /* APISpec.swift */,
			);
			path = Networking;
			sourceTree = "<group>";
		};
		2B51200122466E9C00A2CD20 /* Shared */ = {
			isa = PBXGroup;
			children = (
				2B51203122468F2C00A2CD20 /* Views */,
				2B51201022466FBF00A2CD20 /* Models */,
				2B51203422468F4E00A2CD20 /* Workers */,
				2B51203722468FC700A2CD20 /* Protocols */,
				2B51200222466EA300A2CD20 /* Networking */,
				2B51200922466F0D00A2CD20 /* Extensions */,
			);
			path = Shared;
			sourceTree = "<group>";
		};
		2B51200222466EA300A2CD20 /* Networking */ = {
			isa = PBXGroup;
			children = (
				2B51200322466EBB00A2CD20 /* HTTPRequester.swift */,
				2B51200522466EE400A2CD20 /* HTTPError.swift */,
				2B51200E22466F6600A2CD20 /* API.swift */,
				2B51200722466EFF00A2CD20 /* String+Networking.swift */,
			);
			path = Networking;
			sourceTree = "<group>";
		};
		2B51200922466F0D00A2CD20 /* Extensions */ = {
			isa = PBXGroup;
			children = (
				2B51200A22466F1700A2CD20 /* String+Localized.swift */,
			);
			path = Extensions;
			sourceTree = "<group>";
		};
		2B51201022466FBF00A2CD20 /* Models */ = {
			isa = PBXGroup;
			children = (
				2B51201B2246776300A2CD20 /* RepositoryResult.swift */,
				2B51201122466FCD00A2CD20 /* Repository.swift */,
				2B5120152246727000A2CD20 /* Owner.swift */,
				2B51203A2246ED4400A2CD20 /* APIErrorPayload.swift */,
			);
			path = Models;
			sourceTree = "<group>";
		};
		2B51201D22467AB800A2CD20 /* Scenes */ = {
			isa = PBXGroup;
			children = (
				2B51201E22467ABE00A2CD20 /* Home */,
			);
			path = Scenes;
			sourceTree = "<group>";
		};
		2B51201E22467ABE00A2CD20 /* Home */ = {
			isa = PBXGroup;
			children = (
				2B51202322467AC900A2CD20 /* HomeViewController.swift */,
				2B51202B22467C5F00A2CD20 /* HomeView.swift */,
				2B51202F22468E3700A2CD20 /* HomeRepositoryCell.swift */,
				2B51202422467AC900A2CD20 /* HomeInteractor.swift */,
				2B51202022467AC900A2CD20 /* HomeWorker.swift */,
				2B51201F22467AC900A2CD20 /* HomePresenter.swift */,
				2B51202222467AC900A2CD20 /* HomeModels.swift */,
				2B51202D22468B8000A2CD20 /* String+Home.swift */,
			);
			path = Home;
			sourceTree = "<group>";
		};
		2B51203122468F2C00A2CD20 /* Views */ = {
			isa = PBXGroup;
			children = (
				2B51203222468F3300A2CD20 /* URLImageView.swift */,
			);
			path = Views;
			sourceTree = "<group>";
		};
		2B51203422468F4E00A2CD20 /* Workers */ = {
			isa = PBXGroup;
			children = (
				2B51203522468F5E00A2CD20 /* ImageWorker.swift */,
			);
			path = Workers;
			sourceTree = "<group>";
		};
		2B51203722468FC700A2CD20 /* Protocols */ = {
			isa = PBXGroup;
			children = (
				2B51203822468FD000A2CD20 /* ReuseIdentifiable.swift */,
			);
			path = Protocols;
			sourceTree = "<group>";
		};
		2B51203C2246EF0400A2CD20 /* Workers */ = {
			isa = PBXGroup;
			children = (
				2B51203D2246EF1100A2CD20 /* ImageWorkerSpec.swift */,
			);
			path = Workers;
			sourceTree = "<group>";
		};
		2B51203F2246EFAE00A2CD20 /* Scenes */ = {
			isa = PBXGroup;
			children = (
				2B5120402246EFB600A2CD20 /* Home */,
			);
			path = Scenes;
			sourceTree = "<group>";
		};
		2B5120402246EFB600A2CD20 /* Home */ = {
			isa = PBXGroup;
			children = (
				2B5120412246EFC100A2CD20 /* HomeViewControllerSpec.swift */,
				2B5120492246F38400A2CD20 /* HomeRepositoryCellSpec.swift */,
				2B5120422246EFC100A2CD20 /* HomeInteractorSpec.swift */,
				2B51204B2247096D00A2CD20 /* HomeTestCase.swift */,
				2B51204F2247130700A2CD20 /* HomeSnapshotTestCase.swift */,
			);
			path = Home;
			sourceTree = "<group>";
		};
		5ACE1C901CD56B01C4FF060B /* Pods */ = {
			isa = PBXGroup;
			children = (
				20A0791D162C0764F0D8C574 /* Pods-GitRepos.debug.xcconfig */,
				11D2CCB397ADB35442F7E1FC /* Pods-GitRepos.release.xcconfig */,
				EAD013D15C1C2C760FC33A28 /* Pods-GitReposTests.debug.xcconfig */,
				72A7E7CF496A9B199E8CF6E1 /* Pods-GitReposTests.release.xcconfig */,
			);
			path = Pods;
			sourceTree = "<group>";
		};
		BAD482B70E25FDF932FBDD11 /* Frameworks */ = {
			isa = PBXGroup;
			children = (
				A1678B916464B76009F147EC /* Pods_GitRepos.framework */,
				902B3497BCF61445E5AF7510 /* Pods_GitReposTests.framework */,
			);
			name = Frameworks;
			sourceTree = "<group>";
		};
/* End PBXGroup section */

/* Begin PBXNativeTarget section */
		2B511FC322466C0400A2CD20 /* GitRepos */ = {
			isa = PBXNativeTarget;
			buildConfigurationList = 2B511FD622466C0500A2CD20 /* Build configuration list for PBXNativeTarget "GitRepos" */;
			buildPhases = (
				E45C644C6E91658D0D566C3D /* [CP] Check Pods Manifest.lock */,
				2B511FC022466C0400A2CD20 /* Sources */,
				2B511FC122466C0400A2CD20 /* Frameworks */,
				2B511FC222466C0400A2CD20 /* Resources */,
				BA26CA8A64C5FB87E2B1E2F6 /* [CP] Embed Pods Frameworks */,
			);
			buildRules = (
			);
			dependencies = (
			);
			name = GitRepos;
			productName = GitRepos;
			productReference = 2B511FC422466C0400A2CD20 /* GitRepos.app */;
			productType = "com.apple.product-type.application";
		};
		2B511FEC22466DF300A2CD20 /* GitReposTests */ = {
			isa = PBXNativeTarget;
			buildConfigurationList = 2B511FF422466DF300A2CD20 /* Build configuration list for PBXNativeTarget "GitReposTests" */;
			buildPhases = (
				DE8DBC24566A01FDDB773355 /* [CP] Check Pods Manifest.lock */,
				2B511FE922466DF300A2CD20 /* Sources */,
				2B511FEA22466DF300A2CD20 /* Frameworks */,
				2B511FEB22466DF300A2CD20 /* Resources */,
				CE54C48275D5684784758668 /* [CP] Embed Pods Frameworks */,
			);
			buildRules = (
			);
			dependencies = (
				2B511FF322466DF300A2CD20 /* PBXTargetDependency */,
			);
			name = GitReposTests;
			productName = GitReposTests;
			productReference = 2B511FED22466DF300A2CD20 /* GitReposTests.xctest */;
			productType = "com.apple.product-type.bundle.unit-test";
		};
/* End PBXNativeTarget section */

/* Begin PBXProject section */
		2B511FBC22466C0400A2CD20 /* Project object */ = {
			isa = PBXProject;
			attributes = {
				LastSwiftUpdateCheck = 1010;
				LastUpgradeCheck = 1010;
				ORGANIZATIONNAME = "Gilson Gil";
				TargetAttributes = {
					2B511FC322466C0400A2CD20 = {
						CreatedOnToolsVersion = 10.1;
					};
					2B511FEC22466DF300A2CD20 = {
						CreatedOnToolsVersion = 10.1;
						TestTargetID = 2B511FC322466C0400A2CD20;
					};
				};
			};
			buildConfigurationList = 2B511FBF22466C0400A2CD20 /* Build configuration list for PBXProject "GitRepos" */;
			compatibilityVersion = "Xcode 9.3";
			developmentRegion = en;
			hasScannedForEncodings = 0;
			knownRegions = (
				en,
				Base,
			);
			mainGroup = 2B511FBB22466C0400A2CD20;
			productRefGroup = 2B511FC522466C0400A2CD20 /* Products */;
			projectDirPath = "";
			projectRoot = "";
			targets = (
				2B511FC322466C0400A2CD20 /* GitRepos */,
				2B511FEC22466DF300A2CD20 /* GitReposTests */,
			);
		};
/* End PBXProject section */

/* Begin PBXResourcesBuildPhase section */
		2B511FC222466C0400A2CD20 /* Resources */ = {
			isa = PBXResourcesBuildPhase;
			buildActionMask = 2147483647;
			files = (
				2B511FD222466C0500A2CD20 /* LaunchScreen.storyboard in Resources */,
				2B51200D22466F3000A2CD20 /* Localizable.strings in Resources */,
				2B511FCF22466C0500A2CD20 /* Assets.xcassets in Resources */,
			);
			runOnlyForDeploymentPostprocessing = 0;
		};
		2B511FEB22466DF300A2CD20 /* Resources */ = {
			isa = PBXResourcesBuildPhase;
			buildActionMask = 2147483647;
			files = (
			);
			runOnlyForDeploymentPostprocessing = 0;
		};
/* End PBXResourcesBuildPhase section */

/* Begin PBXShellScriptBuildPhase section */
		BA26CA8A64C5FB87E2B1E2F6 /* [CP] Embed Pods Frameworks */ = {
			isa = PBXShellScriptBuildPhase;
			buildActionMask = 2147483647;
			files = (
			);
			inputFileListPaths = (
			);
			inputPaths = (
				"${PODS_ROOT}/Target Support Files/Pods-GitRepos/Pods-GitRepos-frameworks.sh",
				"${BUILT_PRODUCTS_DIR}/Cartography/Cartography.framework",
			);
			name = "[CP] Embed Pods Frameworks";
			outputFileListPaths = (
			);
			outputPaths = (
				"${TARGET_BUILD_DIR}/${FRAMEWORKS_FOLDER_PATH}/Cartography.framework",
			);
			runOnlyForDeploymentPostprocessing = 0;
			shellPath = /bin/sh;
			shellScript = "\"${PODS_ROOT}/Target Support Files/Pods-GitRepos/Pods-GitRepos-frameworks.sh\"\n";
			showEnvVarsInLog = 0;
		};
		CE54C48275D5684784758668 /* [CP] Embed Pods Frameworks */ = {
			isa = PBXShellScriptBuildPhase;
			buildActionMask = 2147483647;
			files = (
			);
			inputFileListPaths = (
			);
			inputPaths = (
				"${PODS_ROOT}/Target Support Files/Pods-GitReposTests/Pods-GitReposTests-frameworks.sh",
				"${BUILT_PRODUCTS_DIR}/KIF/KIF.framework",
				"${BUILT_PRODUCTS_DIR}/Nimble/Nimble.framework",
				"${BUILT_PRODUCTS_DIR}/Quick/Quick.framework",
				"${BUILT_PRODUCTS_DIR}/iOSSnapshotTestCase/FBSnapshotTestCase.framework",
			);
			name = "[CP] Embed Pods Frameworks";
			outputFileListPaths = (
			);
			outputPaths = (
				"${TARGET_BUILD_DIR}/${FRAMEWORKS_FOLDER_PATH}/KIF.framework",
				"${TARGET_BUILD_DIR}/${FRAMEWORKS_FOLDER_PATH}/Nimble.framework",
				"${TARGET_BUILD_DIR}/${FRAMEWORKS_FOLDER_PATH}/Quick.framework",
				"${TARGET_BUILD_DIR}/${FRAMEWORKS_FOLDER_PATH}/FBSnapshotTestCase.framework",
			);
			runOnlyForDeploymentPostprocessing = 0;
			shellPath = /bin/sh;
			shellScript = "\"${PODS_ROOT}/Target Support Files/Pods-GitReposTests/Pods-GitReposTests-frameworks.sh\"\n";
			showEnvVarsInLog = 0;
		};
		DE8DBC24566A01FDDB773355 /* [CP] Check Pods Manifest.lock */ = {
			isa = PBXShellScriptBuildPhase;
			buildActionMask = 2147483647;
			files = (
			);
			inputFileListPaths = (
			);
			inputPaths = (
				"${PODS_PODFILE_DIR_PATH}/Podfile.lock",
				"${PODS_ROOT}/Manifest.lock",
			);
			name = "[CP] Check Pods Manifest.lock";
			outputFileListPaths = (
			);
			outputPaths = (
				"$(DERIVED_FILE_DIR)/Pods-GitReposTests-checkManifestLockResult.txt",
			);
			runOnlyForDeploymentPostprocessing = 0;
			shellPath = /bin/sh;
			shellScript = "diff \"${PODS_PODFILE_DIR_PATH}/Podfile.lock\" \"${PODS_ROOT}/Manifest.lock\" > /dev/null\nif [ $? != 0 ] ; then\n    # print error to STDERR\n    echo \"error: The sandbox is not in sync with the Podfile.lock. Run 'pod install' or update your CocoaPods installation.\" >&2\n    exit 1\nfi\n# This output is used by Xcode 'outputs' to avoid re-running this script phase.\necho \"SUCCESS\" > \"${SCRIPT_OUTPUT_FILE_0}\"\n";
			showEnvVarsInLog = 0;
		};
		E45C644C6E91658D0D566C3D /* [CP] Check Pods Manifest.lock */ = {
			isa = PBXShellScriptBuildPhase;
			buildActionMask = 2147483647;
			files = (
			);
			inputFileListPaths = (
			);
			inputPaths = (
				"${PODS_PODFILE_DIR_PATH}/Podfile.lock",
				"${PODS_ROOT}/Manifest.lock",
			);
			name = "[CP] Check Pods Manifest.lock";
			outputFileListPaths = (
			);
			outputPaths = (
				"$(DERIVED_FILE_DIR)/Pods-GitRepos-checkManifestLockResult.txt",
			);
			runOnlyForDeploymentPostprocessing = 0;
			shellPath = /bin/sh;
			shellScript = "diff \"${PODS_PODFILE_DIR_PATH}/Podfile.lock\" \"${PODS_ROOT}/Manifest.lock\" > /dev/null\nif [ $? != 0 ] ; then\n    # print error to STDERR\n    echo \"error: The sandbox is not in sync with the Podfile.lock. Run 'pod install' or update your CocoaPods installation.\" >&2\n    exit 1\nfi\n# This output is used by Xcode 'outputs' to avoid re-running this script phase.\necho \"SUCCESS\" > \"${SCRIPT_OUTPUT_FILE_0}\"\n";
			showEnvVarsInLog = 0;
		};
/* End PBXShellScriptBuildPhase section */

/* Begin PBXSourcesBuildPhase section */
		2B511FC022466C0400A2CD20 /* Sources */ = {
			isa = PBXSourcesBuildPhase;
			buildActionMask = 2147483647;
			files = (
				2B51201222466FCD00A2CD20 /* Repository.swift in Sources */,
				2B51203922468FD000A2CD20 /* ReuseIdentifiable.swift in Sources */,
				2B51200822466EFF00A2CD20 /* String+Networking.swift in Sources */,
				2B51203022468E3700A2CD20 /* HomeRepositoryCell.swift in Sources */,
				2B51201C2246776300A2CD20 /* RepositoryResult.swift in Sources */,
				2B51202A22467AC900A2CD20 /* HomeInteractor.swift in Sources */,
				2B51200422466EBB00A2CD20 /* HTTPRequester.swift in Sources */,
				2B51200622466EE400A2CD20 /* HTTPError.swift in Sources */,
				2B51202E22468B8000A2CD20 /* String+Home.swift in Sources */,
				2B51202922467AC900A2CD20 /* HomeViewController.swift in Sources */,
				2B5120162246727000A2CD20 /* Owner.swift in Sources */,
				2B51202822467AC900A2CD20 /* HomeModels.swift in Sources */,
				2B511FC822466C0400A2CD20 /* AppDelegate.swift in Sources */,
				2B51200F22466F6600A2CD20 /* API.swift in Sources */,
				2B51200B22466F1700A2CD20 /* String+Localized.swift in Sources */,
				2B512014224671F600A2CD20 /* Constants.swift in Sources */,
				2B51202C22467C5F00A2CD20 /* HomeView.swift in Sources */,
				2B51203B2246ED4400A2CD20 /* APIErrorPayload.swift in Sources */,
				2B51202622467AC900A2CD20 /* HomeWorker.swift in Sources */,
				2B51203622468F5E00A2CD20 /* ImageWorker.swift in Sources */,
				2B51202522467AC900A2CD20 /* HomePresenter.swift in Sources */,
				2B51203322468F3300A2CD20 /* URLImageView.swift in Sources */,
			);
			runOnlyForDeploymentPostprocessing = 0;
		};
		2B511FE922466DF300A2CD20 /* Sources */ = {
			isa = PBXSourcesBuildPhase;
			buildActionMask = 2147483647;
			files = (
				2B51203E2246EF1100A2CD20 /* ImageWorkerSpec.swift in Sources */,
				2B5120452246EFC100A2CD20 /* HomeViewControllerSpec.swift in Sources */,
				2B5120502247130700A2CD20 /* HomeSnapshotTestCase.swift in Sources */,
				2B51204C2247096D00A2CD20 /* HomeTestCase.swift in Sources */,
				2B5120182246750100A2CD20 /* APISpec.swift in Sources */,
				2B51204A2246F38400A2CD20 /* HomeRepositoryCellSpec.swift in Sources */,
				2B51204E22470BE500A2CD20 /* XCTestCase+Swift.swift in Sources */,
				2B5120462246EFC100A2CD20 /* HomeInteractorSpec.swift in Sources */,
			);
			runOnlyForDeploymentPostprocessing = 0;
		};
/* End PBXSourcesBuildPhase section */

/* Begin PBXTargetDependency section */
		2B511FF322466DF300A2CD20 /* PBXTargetDependency */ = {
			isa = PBXTargetDependency;
			target = 2B511FC322466C0400A2CD20 /* GitRepos */;
			targetProxy = 2B511FF222466DF300A2CD20 /* PBXContainerItemProxy */;
		};
/* End PBXTargetDependency section */

/* Begin PBXVariantGroup section */
		2B511FD022466C0500A2CD20 /* LaunchScreen.storyboard */ = {
			isa = PBXVariantGroup;
			children = (
				2B511FD122466C0500A2CD20 /* Base */,
			);
			name = LaunchScreen.storyboard;
			sourceTree = "<group>";
		};
/* End PBXVariantGroup section */

/* Begin XCBuildConfiguration section */
		2B511FD422466C0500A2CD20 /* Debug */ = {
			isa = XCBuildConfiguration;
			buildSettings = {
				ALWAYS_SEARCH_USER_PATHS = NO;
				CLANG_ANALYZER_NONNULL = YES;
				CLANG_ANALYZER_NUMBER_OBJECT_CONVERSION = YES_AGGRESSIVE;
				CLANG_CXX_LANGUAGE_STANDARD = "gnu++14";
				CLANG_CXX_LIBRARY = "libc++";
				CLANG_ENABLE_MODULES = YES;
				CLANG_ENABLE_OBJC_ARC = YES;
				CLANG_ENABLE_OBJC_WEAK = YES;
				CLANG_WARN_BLOCK_CAPTURE_AUTORELEASING = YES;
				CLANG_WARN_BOOL_CONVERSION = YES;
				CLANG_WARN_COMMA = YES;
				CLANG_WARN_CONSTANT_CONVERSION = YES;
				CLANG_WARN_DEPRECATED_OBJC_IMPLEMENTATIONS = YES;
				CLANG_WARN_DIRECT_OBJC_ISA_USAGE = YES_ERROR;
				CLANG_WARN_DOCUMENTATION_COMMENTS = YES;
				CLANG_WARN_EMPTY_BODY = YES;
				CLANG_WARN_ENUM_CONVERSION = YES;
				CLANG_WARN_INFINITE_RECURSION = YES;
				CLANG_WARN_INT_CONVERSION = YES;
				CLANG_WARN_NON_LITERAL_NULL_CONVERSION = YES;
				CLANG_WARN_OBJC_IMPLICIT_RETAIN_SELF = YES;
				CLANG_WARN_OBJC_LITERAL_CONVERSION = YES;
				CLANG_WARN_OBJC_ROOT_CLASS = YES_ERROR;
				CLANG_WARN_RANGE_LOOP_ANALYSIS = YES;
				CLANG_WARN_STRICT_PROTOTYPES = YES;
				CLANG_WARN_SUSPICIOUS_MOVE = YES;
				CLANG_WARN_UNGUARDED_AVAILABILITY = YES_AGGRESSIVE;
				CLANG_WARN_UNREACHABLE_CODE = YES;
				CLANG_WARN__DUPLICATE_METHOD_MATCH = YES;
				CODE_SIGN_IDENTITY = "iPhone Developer";
				COPY_PHASE_STRIP = NO;
				DEBUG_INFORMATION_FORMAT = dwarf;
				ENABLE_STRICT_OBJC_MSGSEND = YES;
				ENABLE_TESTABILITY = YES;
				GCC_C_LANGUAGE_STANDARD = gnu11;
				GCC_DYNAMIC_NO_PIC = NO;
				GCC_NO_COMMON_BLOCKS = YES;
				GCC_OPTIMIZATION_LEVEL = 0;
				GCC_PREPROCESSOR_DEFINITIONS = (
					"DEBUG=1",
					"$(inherited)",
				);
				GCC_WARN_64_TO_32_BIT_CONVERSION = YES;
				GCC_WARN_ABOUT_RETURN_TYPE = YES_ERROR;
				GCC_WARN_UNDECLARED_SELECTOR = YES;
				GCC_WARN_UNINITIALIZED_AUTOS = YES_AGGRESSIVE;
				GCC_WARN_UNUSED_FUNCTION = YES;
				GCC_WARN_UNUSED_VARIABLE = YES;
				IPHONEOS_DEPLOYMENT_TARGET = 9.0;
				MTL_ENABLE_DEBUG_INFO = INCLUDE_SOURCE;
				MTL_FAST_MATH = YES;
				ONLY_ACTIVE_ARCH = YES;
				SDKROOT = iphoneos;
				SWIFT_ACTIVE_COMPILATION_CONDITIONS = DEBUG;
				SWIFT_OPTIMIZATION_LEVEL = "-Onone";
			};
			name = Debug;
		};
		2B511FD522466C0500A2CD20 /* Release */ = {
			isa = XCBuildConfiguration;
			buildSettings = {
				ALWAYS_SEARCH_USER_PATHS = NO;
				CLANG_ANALYZER_NONNULL = YES;
				CLANG_ANALYZER_NUMBER_OBJECT_CONVERSION = YES_AGGRESSIVE;
				CLANG_CXX_LANGUAGE_STANDARD = "gnu++14";
				CLANG_CXX_LIBRARY = "libc++";
				CLANG_ENABLE_MODULES = YES;
				CLANG_ENABLE_OBJC_ARC = YES;
				CLANG_ENABLE_OBJC_WEAK = YES;
				CLANG_WARN_BLOCK_CAPTURE_AUTORELEASING = YES;
				CLANG_WARN_BOOL_CONVERSION = YES;
				CLANG_WARN_COMMA = YES;
				CLANG_WARN_CONSTANT_CONVERSION = YES;
				CLANG_WARN_DEPRECATED_OBJC_IMPLEMENTATIONS = YES;
				CLANG_WARN_DIRECT_OBJC_ISA_USAGE = YES_ERROR;
				CLANG_WARN_DOCUMENTATION_COMMENTS = YES;
				CLANG_WARN_EMPTY_BODY = YES;
				CLANG_WARN_ENUM_CONVERSION = YES;
				CLANG_WARN_INFINITE_RECURSION = YES;
				CLANG_WARN_INT_CONVERSION = YES;
				CLANG_WARN_NON_LITERAL_NULL_CONVERSION = YES;
				CLANG_WARN_OBJC_IMPLICIT_RETAIN_SELF = YES;
				CLANG_WARN_OBJC_LITERAL_CONVERSION = YES;
				CLANG_WARN_OBJC_ROOT_CLASS = YES_ERROR;
				CLANG_WARN_RANGE_LOOP_ANALYSIS = YES;
				CLANG_WARN_STRICT_PROTOTYPES = YES;
				CLANG_WARN_SUSPICIOUS_MOVE = YES;
				CLANG_WARN_UNGUARDED_AVAILABILITY = YES_AGGRESSIVE;
				CLANG_WARN_UNREACHABLE_CODE = YES;
				CLANG_WARN__DUPLICATE_METHOD_MATCH = YES;
				CODE_SIGN_IDENTITY = "iPhone Developer";
				COPY_PHASE_STRIP = NO;
				DEBUG_INFORMATION_FORMAT = "dwarf-with-dsym";
				ENABLE_NS_ASSERTIONS = NO;
				ENABLE_STRICT_OBJC_MSGSEND = YES;
				GCC_C_LANGUAGE_STANDARD = gnu11;
				GCC_NO_COMMON_BLOCKS = YES;
				GCC_WARN_64_TO_32_BIT_CONVERSION = YES;
				GCC_WARN_ABOUT_RETURN_TYPE = YES_ERROR;
				GCC_WARN_UNDECLARED_SELECTOR = YES;
				GCC_WARN_UNINITIALIZED_AUTOS = YES_AGGRESSIVE;
				GCC_WARN_UNUSED_FUNCTION = YES;
				GCC_WARN_UNUSED_VARIABLE = YES;
				IPHONEOS_DEPLOYMENT_TARGET = 9.0;
				MTL_ENABLE_DEBUG_INFO = NO;
				MTL_FAST_MATH = YES;
				SDKROOT = iphoneos;
				SWIFT_COMPILATION_MODE = wholemodule;
				SWIFT_OPTIMIZATION_LEVEL = "-O";
				VALIDATE_PRODUCT = YES;
			};
			name = Release;
		};
		2B511FD722466C0500A2CD20 /* Debug */ = {
			isa = XCBuildConfiguration;
			baseConfigurationReference = 20A0791D162C0764F0D8C574 /* Pods-GitRepos.debug.xcconfig */;
			buildSettings = {
				ASSETCATALOG_COMPILER_APPICON_NAME = AppIcon;
				CODE_SIGN_STYLE = Automatic;
				DEVELOPMENT_TEAM = W53VLM5X6W;
				INFOPLIST_FILE = "$(SRCROOT)/GitRepos/Application/Info.plist";
				IPHONEOS_DEPLOYMENT_TARGET = 9.0;
				LD_RUNPATH_SEARCH_PATHS = (
					"$(inherited)",
					"@executable_path/Frameworks",
				);
				PRODUCT_BUNDLE_IDENTIFIER = com.gilsongil.GitRepos;
				PRODUCT_NAME = "$(TARGET_NAME)";
				SWIFT_VERSION = 4.2;
				TARGETED_DEVICE_FAMILY = "1,2";
			};
			name = Debug;
		};
		2B511FD822466C0500A2CD20 /* Release */ = {
			isa = XCBuildConfiguration;
			baseConfigurationReference = 11D2CCB397ADB35442F7E1FC /* Pods-GitRepos.release.xcconfig */;
			buildSettings = {
				ASSETCATALOG_COMPILER_APPICON_NAME = AppIcon;
				CODE_SIGN_STYLE = Automatic;
				DEVELOPMENT_TEAM = W53VLM5X6W;
				INFOPLIST_FILE = "$(SRCROOT)/GitRepos/Application/Info.plist";
				IPHONEOS_DEPLOYMENT_TARGET = 9.0;
				LD_RUNPATH_SEARCH_PATHS = (
					"$(inherited)",
					"@executable_path/Frameworks",
				);
				PRODUCT_BUNDLE_IDENTIFIER = com.gilsongil.GitRepos;
				PRODUCT_NAME = "$(TARGET_NAME)";
				SWIFT_VERSION = 4.2;
				TARGETED_DEVICE_FAMILY = "1,2";
			};
			name = Release;
		};
		2B511FF522466DF300A2CD20 /* Debug */ = {
			isa = XCBuildConfiguration;
			baseConfigurationReference = EAD013D15C1C2C760FC33A28 /* Pods-GitReposTests.debug.xcconfig */;
			buildSettings = {
				BUNDLE_LOADER = "$(TEST_HOST)";
				CODE_SIGN_STYLE = Automatic;
				DEVELOPMENT_TEAM = W53VLM5X6W;
				INFOPLIST_FILE = GitReposTests/Info.plist;
				IPHONEOS_DEPLOYMENT_TARGET = 12.1;
				LD_RUNPATH_SEARCH_PATHS = (
					"$(inherited)",
					"@executable_path/Frameworks",
					"@loader_path/Frameworks",
				);
				PRODUCT_BUNDLE_IDENTIFIER = com.gilsongil.GitReposTests;
				PRODUCT_NAME = "$(TARGET_NAME)";
				SWIFT_VERSION = 4.2;
				TARGETED_DEVICE_FAMILY = "1,2";
				TEST_HOST = "$(BUILT_PRODUCTS_DIR)/GitRepos.app/GitRepos";
			};
			name = Debug;
		};
		2B511FF622466DF300A2CD20 /* Release */ = {
			isa = XCBuildConfiguration;
			baseConfigurationReference = 72A7E7CF496A9B199E8CF6E1 /* Pods-GitReposTests.release.xcconfig */;
			buildSettings = {
				BUNDLE_LOADER = "$(TEST_HOST)";
				CODE_SIGN_STYLE = Automatic;
				DEVELOPMENT_TEAM = W53VLM5X6W;
				INFOPLIST_FILE = GitReposTests/Info.plist;
				IPHONEOS_DEPLOYMENT_TARGET = 12.1;
				LD_RUNPATH_SEARCH_PATHS = (
					"$(inherited)",
					"@executable_path/Frameworks",
					"@loader_path/Frameworks",
				);
				PRODUCT_BUNDLE_IDENTIFIER = com.gilsongil.GitReposTests;
				PRODUCT_NAME = "$(TARGET_NAME)";
				SWIFT_VERSION = 4.2;
				TARGETED_DEVICE_FAMILY = "1,2";
				TEST_HOST = "$(BUILT_PRODUCTS_DIR)/GitRepos.app/GitRepos";
			};
			name = Release;
		};
/* End XCBuildConfiguration section */

/* Begin XCConfigurationList section */
		2B511FBF22466C0400A2CD20 /* Build configuration list for PBXProject "GitRepos" */ = {
			isa = XCConfigurationList;
			buildConfigurations = (
				2B511FD422466C0500A2CD20 /* Debug */,
				2B511FD522466C0500A2CD20 /* Release */,
			);
			defaultConfigurationIsVisible = 0;
			defaultConfigurationName = Release;
		};
		2B511FD622466C0500A2CD20 /* Build configuration list for PBXNativeTarget "GitRepos" */ = {
			isa = XCConfigurationList;
			buildConfigurations = (
				2B511FD722466C0500A2CD20 /* Debug */,
				2B511FD822466C0500A2CD20 /* Release */,
			);
			defaultConfigurationIsVisible = 0;
			defaultConfigurationName = Release;
		};
		2B511FF422466DF300A2CD20 /* Build configuration list for PBXNativeTarget "GitReposTests" */ = {
			isa = XCConfigurationList;
			buildConfigurations = (
				2B511FF522466DF300A2CD20 /* Debug */,
				2B511FF622466DF300A2CD20 /* Release */,
			);
			defaultConfigurationIsVisible = 0;
			defaultConfigurationName = Release;
		};
/* End XCConfigurationList section */
	};
	rootObject = 2B511FBC22466C0400A2CD20 /* Project object */;
}
